
Microsoft Visual Studio Solution File, Format Version 12.00
# Visual Studio Version 17
VisualStudioVersion = 17.0.32126.317
MinimumVisualStudioVersion = 10.0.40219.1
Project("{FAE04EC0-301F-11D3-BF4B-00C04F79EFBC}") = "TestTask", "TestTask\TestTask.csproj", "{FA7E69F7-21F3-429F-8BCE-0797846AE1BB}"
EndProject
Project("{FAE04EC0-301F-11D3-BF4B-00C04F79EFBC}") = "ShapeLibrary", "ShapeLibrary\ShapeLibrary.csproj", "{83728AB0-6AA9-4957-9932-70C57FDA1D74}"
EndProject
Global
	GlobalSection(SolutionConfigurationPlatforms) = preSolution
		Debug|Any CPU = Debug|Any CPU
		Release|Any CPU = Release|Any CPU
	EndGlobalSection
	GlobalSection(ProjectConfigurationPlatforms) = postSolution
		{FA7E69F7-21F3-429F-8BCE-0797846AE1BB}.Debug|Any CPU.ActiveCfg = Debug|Any CPU
		{FA7E69F7-21F3-429F-8BCE-0797846AE1BB}.Debug|Any CPU.Build.0 = Debug|Any CPU
		{FA7E69F7-21F3-429F-8BCE-0797846AE1BB}.Release|Any CPU.ActiveCfg = Release|Any CPU
		{FA7E69F7-21F3-429F-8BCE-0797846AE1BB}.Release|Any CPU.Build.0 = Release|Any CPU
		{83728AB0-6AA9-4957-9932-70C57FDA1D74}.Debug|Any CPU.ActiveCfg = Debug|Any CPU
		{83728AB0-6AA9-4957-9932-70C57FDA1D74}.Debug|Any CPU.Build.0 = Debug|Any CPU
		{83728AB0-6AA9-4957-9932-70C57FDA1D74}.Release|Any CPU.ActiveCfg = Release|Any CPU
		{83728AB0-6AA9-4957-9932-70C57FDA1D74}.Release|Any CPU.Build.0 = Release|Any CPU
	EndGlobalSection
	GlobalSection(SolutionProperties) = preSolution
		HideSolutionNode = FALSE
	EndGlobalSection
	GlobalSection(ExtensibilityGlobals) = postSolution
		SolutionGuid = {1CECE6FC-0316-4088-BF72-12573B97802F}
	EndGlobalSection
EndGlobal
